{
  "name": "directus-local",
  "lockfileVersion": 3,
  "requires": true,
  "packages": {
    "": {
      "name": "directus-local",
      "dependencies": {
        "@ebsi-epd/directus-provision-cli": "file:../../empyrean/service/directus/cli"
      }
    },
    "../../empyrean/service/directus/cli": {
      "name": "@ebsi-epd/directus-provision-cli",
      "version": "0.0.1",
      "dependencies": {
        "@directus/api": "^27.0.2",
        "@directus/sdk": "^18.0.3",
        "ansi-colors": "^4.1.3",
        "cli-table3": "^0.6.5",
        "cockatiel": "^3.2.1",
        "dotenv": "^16.4.7",
        "file-saver": "^2.0.5",
        "js-yaml": "^4.1.0",
        "jszip": "^3.10.1",
        "micro-memoize": "^5.1.2",
        "neverthrow": "^8.2.0",
        "ora": "^8.2.0",
        "p-queue": "^9.3.0",
        "strip-ansi": "^7.1.2",
        "ts-morph": "^26.0.0",
        "uuid": "^11.0.3",
        "yargs": "^17.7.2"
      },
      "bin": {
        "directus-provision-cli": "dist/build/main.js",
        "dpc": "dist/build/main.js"
      },
      "devDependencies": {
        "@types/file-saver": "^2.0.7",
        "@types/js-yaml": "^4.0.9",
        "@types/node": "^22.10.2",
        "@types/yargs": "^17.0.33",
        "directus": "^11.7.2",
        "tsup": "8.3.0",
        "tsx": "^4.20.3",
        "typescript": "^7.0.2"
      }
    },
    "node_modules/@ebsi-epd/directus-provision-cli": {
      "resolved": "../../empyrean/service/directus/cli",
      "link": true
    }
  }
}
